
Microsoft Visual Studio Solution File, Format Version 12.00
# Visual Studio 14
VisualStudioVersion = 14.0.25420.1
MinimumVisualStudioVersion = 10.0.40219.1
Project("{FAE04EC0-301F-11D3-BF4B-00C04F79EFBC}") = "WebServerCoreVises", "PruebaAplicada\WebServerCoreVises.csproj", "{2FDBD5C5-8BD4-4158-9C5C-39B266E8DDD3}"
EndProject
Project("{FAE04EC0-301F-11D3-BF4B-00C04F79EFBC}") = "Data", "Data\Data.csproj", "{F40E46D3-960A-4BA0-AD0E-EA3A83D56906}"
EndProject
Project("{FAE04EC0-301F-11D3-BF4B-00C04F79EFBC}") = "Domain", "Domain\Domain.csproj", "{53CA8557-DB03-46D0-B937-8CD96BA96A20}"
EndProject
Project("{FAE04EC0-301F-11D3-BF4B-00C04F79EFBC}") = "Business", "Business\Business.csproj", "{08194DE9-CEF7-4733-91F5-AC24E3867B0B}"
EndProject
Project("{FAE04EC0-301F-11D3-BF4B-00C04F79EFBC}") = "ADMIN_CRUD", "ADMIN_CRUD\ADMIN_CRUD.csproj", "{CE597543-D871-4F95-87E8-23DD4907C4E1}"
EndProject
Global
	GlobalSection(SolutionConfigurationPlatforms) = preSolution
		Debug|Any CPU = Debug|Any CPU
		Release|Any CPU = Release|Any CPU
	EndGlobalSection
	GlobalSection(ProjectConfigurationPlatforms) = postSolution
		{2FDBD5C5-8BD4-4158-9C5C-39B266E8DDD3}.Debug|Any CPU.ActiveCfg = Debug|Any CPU
		{2FDBD5C5-8BD4-4158-9C5C-39B266E8DDD3}.Debug|Any CPU.Build.0 = Debug|Any CPU
		{2FDBD5C5-8BD4-4158-9C5C-39B266E8DDD3}.Release|Any CPU.ActiveCfg = Release|Any CPU
		{2FDBD5C5-8BD4-4158-9C5C-39B266E8DDD3}.Release|Any CPU.Build.0 = Release|Any CPU
		{F40E46D3-960A-4BA0-AD0E-EA3A83D56906}.Debug|Any CPU.ActiveCfg = Debug|Any CPU
		{F40E46D3-960A-4BA0-AD0E-EA3A83D56906}.Debug|Any CPU.Build.0 = Debug|Any CPU
		{F40E46D3-960A-4BA0-AD0E-EA3A83D56906}.Release|Any CPU.ActiveCfg = Release|Any CPU
		{F40E46D3-960A-4BA0-AD0E-EA3A83D56906}.Release|Any CPU.Build.0 = Release|Any CPU
		{53CA8557-DB03-46D0-B937-8CD96BA96A20}.Debug|Any CPU.ActiveCfg = Debug|Any CPU
		{53CA8557-DB03-46D0-B937-8CD96BA96A20}.Debug|Any CPU.Build.0 = Debug|Any CPU
		{53CA8557-DB03-46D0-B937-8CD96BA96A20}.Release|Any CPU.ActiveCfg = Release|Any CPU
		{53CA8557-DB03-46D0-B937-8CD96BA96A20}.Release|Any CPU.Build.0 = Release|Any CPU
		{08194DE9-CEF7-4733-91F5-AC24E3867B0B}.Debug|Any CPU.ActiveCfg = Debug|Any CPU
		{08194DE9-CEF7-4733-91F5-AC24E3867B0B}.Debug|Any CPU.Build.0 = Debug|Any CPU
		{08194DE9-CEF7-4733-91F5-AC24E3867B0B}.Release|Any CPU.ActiveCfg = Release|Any CPU
		{08194DE9-CEF7-4733-91F5-AC24E3867B0B}.Release|Any CPU.Build.0 = Release|Any CPU
		{CE597543-D871-4F95-87E8-23DD4907C4E1}.Debug|Any CPU.ActiveCfg = Debug|Any CPU
		{CE597543-D871-4F95-87E8-23DD4907C4E1}.Debug|Any CPU.Build.0 = Debug|Any CPU
		{CE597543-D871-4F95-87E8-23DD4907C4E1}.Release|Any CPU.ActiveCfg = Release|Any CPU
		{CE597543-D871-4F95-87E8-23DD4907C4E1}.Release|Any CPU.Build.0 = Release|Any CPU
	EndGlobalSection
	GlobalSection(SolutionProperties) = preSolution
		HideSolutionNode = FALSE
	EndGlobalSection
EndGlobal
